
Microsoft Visual Studio Solution File, Format Version 12.00
# Visual Studio Version 17
VisualStudioVersion = 17.7.34221.43
MinimumVisualStudioVersion = 10.0.40219.1
Project("{FAE04EC0-301F-11D3-BF4B-00C04F79EFBC}") = "1.11", "1.11.csproj", "{B52E959B-C886-4A4C-91C0-B4952B630FC3}"
EndProject
Global
	GlobalSection(SolutionConfigurationPlatforms) = preSolution
		Debug|Any CPU = Debug|Any CPU
		Release|Any CPU = Release|Any CPU
	EndGlobalSection
	GlobalSection(ProjectConfigurationPlatforms) = postSolution
		{B52E959B-C886-4A4C-91C0-B4952B630FC3}.Debug|Any CPU.ActiveCfg = Debug|Any CPU
		{B52E959B-C886-4A4C-91C0-B4952B630FC3}.Debug|Any CPU.Build.0 = Debug|Any CPU
		{B52E959B-C886-4A4C-91C0-B4952B630FC3}.Release|Any CPU.ActiveCfg = Release|Any CPU
		{B52E959B-C886-4A4C-91C0-B4952B630FC3}.Release|Any CPU.Build.0 = Release|Any CPU
	EndGlobalSection
	GlobalSection(SolutionProperties) = preSolution
		HideSolutionNode = FALSE
	EndGlobalSection
	GlobalSection(ExtensibilityGlobals) = postSolution
		SolutionGuid = {A0A5792A-52F9-44EE-8240-86278DDA0EA5}
	EndGlobalSection
EndGlobal
