
Microsoft Visual Studio Solution File, Format Version 12.00
# Visual Studio Version 17
VisualStudioVersion = 17.7.34221.43
MinimumVisualStudioVersion = 10.0.40219.1
Project("{FAE04EC0-301F-11D3-BF4B-00C04F79EFBC}") = "1.4", "1.4.csproj", "{45DBE332-724B-4029-85D5-D86A4F02238F}"
EndProject
Global
	GlobalSection(SolutionConfigurationPlatforms) = preSolution
		Debug|Any CPU = Debug|Any CPU
		Release|Any CPU = Release|Any CPU
	EndGlobalSection
	GlobalSection(ProjectConfigurationPlatforms) = postSolution
		{45DBE332-724B-4029-85D5-D86A4F02238F}.Debug|Any CPU.ActiveCfg = Debug|Any CPU
		{45DBE332-724B-4029-85D5-D86A4F02238F}.Debug|Any CPU.Build.0 = Debug|Any CPU
		{45DBE332-724B-4029-85D5-D86A4F02238F}.Release|Any CPU.ActiveCfg = Release|Any CPU
		{45DBE332-724B-4029-85D5-D86A4F02238F}.Release|Any CPU.Build.0 = Release|Any CPU
	EndGlobalSection
	GlobalSection(SolutionProperties) = preSolution
		HideSolutionNode = FALSE
	EndGlobalSection
	GlobalSection(ExtensibilityGlobals) = postSolution
		SolutionGuid = {5D4F9207-194B-4F1F-8369-BA50C50D3DD1}
	EndGlobalSection
EndGlobal
