
Microsoft Visual Studio Solution File, Format Version 12.00
# Visual Studio Version 17
VisualStudioVersion = 17.7.34221.43
MinimumVisualStudioVersion = 10.0.40219.1
Project("{FAE04EC0-301F-11D3-BF4B-00C04F79EFBC}") = "1.15", "1.15.csproj", "{BD395199-56CB-4D74-BA74-8ECDA45B4CC1}"
EndProject
Global
	GlobalSection(SolutionConfigurationPlatforms) = preSolution
		Debug|Any CPU = Debug|Any CPU
		Release|Any CPU = Release|Any CPU
	EndGlobalSection
	GlobalSection(ProjectConfigurationPlatforms) = postSolution
		{BD395199-56CB-4D74-BA74-8ECDA45B4CC1}.Debug|Any CPU.ActiveCfg = Debug|Any CPU
		{BD395199-56CB-4D74-BA74-8ECDA45B4CC1}.Debug|Any CPU.Build.0 = Debug|Any CPU
		{BD395199-56CB-4D74-BA74-8ECDA45B4CC1}.Release|Any CPU.ActiveCfg = Release|Any CPU
		{BD395199-56CB-4D74-BA74-8ECDA45B4CC1}.Release|Any CPU.Build.0 = Release|Any CPU
	EndGlobalSection
	GlobalSection(SolutionProperties) = preSolution
		HideSolutionNode = FALSE
	EndGlobalSection
	GlobalSection(ExtensibilityGlobals) = postSolution
		SolutionGuid = {EF5800F7-60C9-4F18-8837-C7F0EC113CFF}
	EndGlobalSection
EndGlobal
